// !$*UTF8*$!
{
	archiveVersion = 1;
	classes = {
	};
	objectVersion = 46;
	objects = {

/* Begin PBXBuildFile section */
		631E8B641AEF858A007F6448 /* main.swift in Sources */ = {isa = PBXBuildFile; fileRef = 631E8B631AEF858A007F6448 /* main.swift */; };
		634B0FEB1B00C77200043EA4 /* libpng.dylib in Frameworks */ = {isa = PBXBuildFile; fileRef = 634B0FEA1B00C77200043EA4 /* libpng.dylib */; };
/* End PBXBuildFile section */

/* Begin PBXCopyFilesBuildPhase section */
		631E8B5E1AEF858A007F6448 /* CopyFiles */ = {
			isa = PBXCopyFilesBuildPhase;
			buildActionMask = 2147483647;
			dstPath = /usr/share/man/man1/;
			dstSubfolderSpec = 0;
			files = (
			);
			runOnlyForDeploymentPostprocessing = 1;
		};
/* End PBXCopyFilesBuildPhase section */

/* Begin PBXFileReference section */
		631E8B601AEF858A007F6448 /* QRKoan */ = {isa = PBXFileReference; explicitFileType = "compiled.mach-o.executable"; includeInIndex = 0; path = QRKoan; sourceTree = BUILT_PRODUCTS_DIR; };
		631E8B631AEF858A007F6448 /* main.swift */ = {isa = PBXFileReference; lastKnownFileType = sourcecode.swift; path = main.swift; sourceTree = "<group>"; };
		634B0FE41B00C04800043EA4 /* QRKoan-Bridging-Header.h */ = {isa = PBXFileReference; lastKnownFileType = sourcecode.c.h; path = "QRKoan-Bridging-Header.h"; sourceTree = "<group>"; };
		634B0FEA1B00C77200043EA4 /* libpng.dylib */ = {isa = PBXFileReference; lastKnownFileType = "compiled.mach-o.dylib"; path = libpng.dylib; sourceTree = "<group>"; };
/* End PBXFileReference section */

/* Begin PBXFrameworksBuildPhase section */
		631E8B5D1AEF858A007F6448 /* Frameworks */ = {
			isa = PBXFrameworksBuildPhase;
			buildActionMask = 2147483647;
			files = (
				634B0FEB1B00C77200043EA4 /* libpng.dylib in Frameworks */,
			);
			runOnlyForDeploymentPostprocessing = 0;
		};
/* End PBXFrameworksBuildPhase section */

/* Begin PBXGroup section */
		631E8B571AEF858A007F6448 = {
			isa = PBXGroup;
			children = (
				631E8B621AEF858A007F6448 /* QRKoan */,
				634B0FE91B00C77200043EA4 /* Support Files */,
				631E8B611AEF858A007F6448 /* Products */,
			);
			sourceTree = "<group>";
		};
		631E8B611AEF858A007F6448 /* Products */ = {
			isa = PBXGroup;
			children = (
				631E8B601AEF858A007F6448 /* QRKoan */,
			);
			name = Products;
			sourceTree = "<group>";
		};
		631E8B621AEF858A007F6448 /* QRKoan */ = {
			isa = PBXGroup;
			children = (
				631E8B631AEF858A007F6448 /* main.swift */,
				634B0FE41B00C04800043EA4 /* QRKoan-Bridging-Header.h */,
			);
			path = QRKoan;
			sourceTree = "<group>";
		};
		634B0FE91B00C77200043EA4 /* Support Files */ = {
			isa = PBXGroup;
			children = (
				634B0FEA1B00C77200043EA4 /* libpng.dylib */,
			);
			name = "Support Files";
			path = "QRKoan/Support Files";
			sourceTree = "<group>";
		};
/* End PBXGroup section */

/* Begin PBXNativeTarget section */
		631E8B5F1AEF858A007F6448 /* QRKoan */ = {
			isa = PBXNativeTarget;
			buildConfigurationList = 631E8B671AEF858A007F6448 /* Build configuration list for PBXNativeTarget "QRKoan" */;
			buildPhases = (
				631E8B5C1AEF858A007F6448 /* Sources */,
				631E8B5D1AEF858A007F6448 /* Frameworks */,
				631E8B5E1AEF858A007F6448 /* CopyFiles */,
			);
			buildRules = (
			);
			dependencies = (
			);
			name = QRKoan;
			productName = QRKoan;
			productReference = 631E8B601AEF858A007F6448 /* QRKoan */;
			productType = "com.apple.product-type.tool";
		};
/* End PBXNativeTarget section */

/* Begin PBXProject section */
		631E8B581AEF858A007F6448 /* Project object */ = {
			isa = PBXProject;
			attributes = {
				LastUpgradeCheck = 0630;
				ORGANIZATIONNAME = "David Steuber";
				TargetAttributes = {
					631E8B5F1AEF858A007F6448 = {
						CreatedOnToolsVersion = 6.3.1;
					};
				};
			};
			buildConfigurationList = 631E8B5B1AEF858A007F6448 /* Build configuration list for PBXProject "QRKoan" */;
			compatibilityVersion = "Xcode 3.2";
			developmentRegion = English;
			hasScannedForEncodings = 0;
			knownRegions = (
				en,
			);
			mainGroup = 631E8B571AEF858A007F6448;
			productRefGroup = 631E8B611AEF858A007F6448 /* Products */;
			projectDirPath = "";
			projectRoot = "";
			targets = (
				631E8B5F1AEF858A007F6448 /* QRKoan */,
			);
		};
/* End PBXProject section */

/* Begin PBXSourcesBuildPhase section */
		631E8B5C1AEF858A007F6448 /* Sources */ = {
			isa = PBXSourcesBuildPhase;
			buildActionMask = 2147483647;
			files = (
				631E8B641AEF858A007F6448 /* main.swift in Sources */,
			);
			runOnlyForDeploymentPostprocessing = 0;
		};
/* End PBXSourcesBuildPhase section */

/* Begin XCBuildConfiguration section */
		631E8B651AEF858A007F6448 /* Debug */ = {
			isa = XCBuildConfiguration;
			buildSettings = {
				ALWAYS_SEARCH_USER_PATHS = NO;
				CLANG_CXX_LANGUAGE_STANDARD = "gnu++0x";
				CLANG_CXX_LIBRARY = "libc++";
				CLANG_ENABLE_MODULES = YES;
				CLANG_ENABLE_OBJC_ARC = YES;
				CLANG_WARN_BOOL_CONVERSION = YES;
				CLANG_WARN_CONSTANT_CONVERSION = YES;
				CLANG_WARN_DIRECT_OBJC_ISA_USAGE = YES_ERROR;
				CLANG_WARN_EMPTY_BODY = YES;
				CLANG_WARN_ENUM_CONVERSION = YES;
				CLANG_WARN_INT_CONVERSION = YES;
				CLANG_WARN_OBJC_ROOT_CLASS = YES_ERROR;
				CLANG_WARN_UNREACHABLE_CODE = YES;
				CLANG_WARN__DUPLICATE_METHOD_MATCH = YES;
				COPY_PHASE_STRIP = NO;
				DEBUG_INFORMATION_FORMAT = dwarf;
				ENABLE_STRICT_OBJC_MSGSEND = YES;
				GCC_C_LANGUAGE_STANDARD = gnu99;
				GCC_DYNAMIC_NO_PIC = NO;
				GCC_NO_COMMON_BLOCKS = YES;
				GCC_OPTIMIZATION_LEVEL = 0;
				GCC_PREPROCESSOR_DEFINITIONS = (
					"DEBUG=1",
					"$(inherited)",
				);
				GCC_SYMBOLS_PRIVATE_EXTERN = NO;
				GCC_WARN_64_TO_32_BIT_CONVERSION = YES;
				GCC_WARN_ABOUT_RETURN_TYPE = YES_ERROR;
				GCC_WARN_UNDECLARED_SELECTOR = YES;
				GCC_WARN_UNINITIALIZED_AUTOS = YES_AGGRESSIVE;
				GCC_WARN_UNUSED_FUNCTION = YES;
				GCC_WARN_UNUSED_VARIABLE = YES;
				MACOSX_DEPLOYMENT_TARGET = 10.10;
				MTL_ENABLE_DEBUG_INFO = YES;
				ONLY_ACTIVE_ARCH = YES;
				SDKROOT = macosx;
				SWIFT_OPTIMIZATION_LEVEL = "-Onone";
			};
			name = Debug;
		};
		631E8B661AEF858A007F6448 /* Release */ = {
			isa = XCBuildConfiguration;
			buildSettings = {
				ALWAYS_SEARCH_USER_PATHS = NO;
				CLANG_CXX_LANGUAGE_STANDARD = "gnu++0x";
				CLANG_CXX_LIBRARY = "libc++";
				CLANG_ENABLE_MODULES = YES;
				CLANG_ENABLE_OBJC_ARC = YES;
				CLANG_WARN_BOOL_CONVERSION = YES;
				CLANG_WARN_CONSTANT_CONVERSION = YES;
				CLANG_WARN_DIRECT_OBJC_ISA_USAGE = YES_ERROR;
				CLANG_WARN_EMPTY_BODY = YES;
				CLANG_WARN_ENUM_CONVERSION = YES;
				CLANG_WARN_INT_CONVERSION = YES;
				CLANG_WARN_OBJC_ROOT_CLASS = YES_ERROR;
				CLANG_WARN_UNREACHABLE_CODE = YES;
				CLANG_WARN__DUPLICATE_METHOD_MATCH = YES;
				COPY_PHASE_STRIP = NO;
				DEBUG_INFORMATION_FORMAT = "dwarf-with-dsym";
				ENABLE_NS_ASSERTIONS = NO;
				ENABLE_STRICT_OBJC_MSGSEND = YES;
				GCC_C_LANGUAGE_STANDARD = gnu99;
				GCC_NO_COMMON_BLOCKS = YES;
				GCC_WARN_64_TO_32_BIT_CONVERSION = YES;
				GCC_WARN_ABOUT_RETURN_TYPE = YES_ERROR;
				GCC_WARN_UNDECLARED_SELECTOR = YES;
				GCC_WARN_UNINITIALIZED_AUTOS = YES_AGGRESSIVE;
				GCC_WARN_UNUSED_FUNCTION = YES;
				GCC_WARN_UNUSED_VARIABLE = YES;
				MACOSX_DEPLOYMENT_TARGET = 10.10;
				MTL_ENABLE_DEBUG_INFO = NO;
				SDKROOT = macosx;
			};
			name = Release;
		};
		631E8B681AEF858A007F6448 /* Debug */ = {
			isa = XCBuildConfiguration;
			buildSettings = {
				CLANG_ENABLE_MODULES = YES;
				LD_RUNPATH_SEARCH_PATHS = "$(inherited) @executable_path/../Frameworks @loader_path/../Frameworks";
				LIBRARY_SEARCH_PATHS = (
					"$(inherited)",
					"$(PROJECT_DIR)/QRKoan",
					"$(PROJECT_DIR)/QRKoan/Support",
					Files,
				);
				PRODUCT_NAME = "$(TARGET_NAME)";
				SWIFT_OBJC_BRIDGING_HEADER = "QRKoan/QRKoan-Bridging-Header.h";
				SWIFT_OPTIMIZATION_LEVEL = "-Onone";
			};
			name = Debug;
		};
		631E8B691AEF858A007F6448 /* Release */ = {
			isa = XCBuildConfiguration;
			buildSettings = {
				CLANG_ENABLE_MODULES = YES;
				LD_RUNPATH_SEARCH_PATHS = "$(inherited) @executable_path/../Frameworks @loader_path/../Frameworks";
				LIBRARY_SEARCH_PATHS = (
					"$(inherited)",
					"$(PROJECT_DIR)/QRKoan",
					"$(PROJECT_DIR)/QRKoan/Support",
					Files,
				);
				PRODUCT_NAME = "$(TARGET_NAME)";
				SWIFT_OBJC_BRIDGING_HEADER = "QRKoan/QRKoan-Bridging-Header.h";
			};
			name = Release;
		};
/* End XCBuildConfiguration section */

/* Begin XCConfigurationList section */
		631E8B5B1AEF858A007F6448 /* Build configuration list for PBXProject "QRKoan" */ = {
			isa = XCConfigurationList;
			buildConfigurations = (
				631E8B651AEF858A007F6448 /* Debug */,
				631E8B661AEF858A007F6448 /* Release */,
			);
			defaultConfigurationIsVisible = 0;
			defaultConfigurationName = Release;
		};
		631E8B671AEF858A007F6448 /* Build configuration list for PBXNativeTarget "QRKoan" */ = {
			isa = XCConfigurationList;
			buildConfigurations = (
				631E8B681AEF858A007F6448 /* Debug */,
				631E8B691AEF858A007F6448 /* Release */,
			);
			defaultConfigurationIsVisible = 0;
			defaultConfigurationName = Release;
		};
/* End XCConfigurationList section */
	};
	rootObject = 631E8B581AEF858A007F6448 /* Project object */;
}
